# THIS IS AN AUTOGENERATED FILE. DO NOT EDIT THIS FILE DIRECTLY.
# yarn lockfile v1


assemblyscript@^0.19.1:
  version "0.19.1"
  resolved "https://registry.yarnpkg.com/assemblyscript/-/assemblyscript-0.19.1.tgz#8d52332b7cef88e03d15b633e70c5febddd1f444"
  integrity sha512-unWcmJsw5H0H2GrTf25GlDJCaNzAveeFYPH5XhP54m540+26KJIurTEHN+xf/EI3MdK7IhThpGCE+pNqiNuLmA==
  dependencies:
    binaryen "101.0.0-nightly.20210527"
    long "^4.0.0"

binaryen@101.0.0-nightly.20210527:
  version "101.0.0-nightly.20210527"
  resolved "https://registry.yarnpkg.com/binaryen/-/binaryen-101.0.0-nightly.20210527.tgz#7677155efc965e0276dd206ed30f2d9e216ed6e2"
  integrity sha512-dbKentJwA6H0LfI+pRuzNNzAooJwYFNrg1L8rRw8j6rlfkU815ytNLO+uDzGNcltYehUa5ERZFJHPIdqX12n0w==

long@^4.0.0:
  version "4.0.0"
  resolved "https://registry.yarnpkg.com/long/-/long-4.0.0.tgz#9a7b71cfb7d361a194ea555241c92f7468d5bf28"
  integrity sha512-XsP+KhQif4bjX1kbuSiySJFNAehNxgLb6hPRGJ9QsUr8ajHkuXGdrHmFUTUUXhDwVX2R5bY4JNZEwbUiMhV+MA==

typescript@^4.3.2:
  version "4.3.2"
  resolved "https://registry.yarnpkg.com/typescript/-/typescript-4.3.2.tgz#399ab18aac45802d6f2498de5054fcbbe716a805"
  integrity sha512-zZ4hShnmnoVnAHpVHWpTcxdv7dWP60S2FsydQLV8V5PbS3FifjWFFRiHSWpDJahly88PRyV5teTSLoq4eG7mKw==
